{
  "version": "4",
  "specifiers": {
    "jsr:@std/assert@^1.0.11": "1.0.11",
    "jsr:@std/internal@^1.0.5": "1.0.5",
    "npm:@sindresorhus/slugify@^2.2.1": "2.2.1",
    "npm:p-memoize@^7.1.1": "7.1.1",
    "npm:p-queue@^8.1.0": "8.1.0",
    "npm:prettier@^3.4.2": "3.4.2",
    "npm:zod@^3.24.1": "3.24.1"
  },
  "jsr": {
    "@std/assert@1.0.11": {
      "integrity": "2461ef3c368fe88bc60e186e7744a93112f16fd110022e113a0849e94d1c83c1",
      "dependencies": [
        "jsr:@std/internal"
      ]
    },
    "@std/internal@1.0.5": {
      "integrity": "54a546004f769c1ac9e025abd15a76b6671ddc9687e2313b67376125650dc7ba"
    }
  },
  "npm": {
    "@sindresorhus/slugify@2.2.1": {
      "integrity": "sha512-MkngSCRZ8JdSOCHRaYd+D01XhvU3Hjy6MGl06zhOk614hp9EOAp5gIkBeQg7wtmxpitU6eAL4kdiRMcJa2dlrw==",
      "dependencies": [
        "@sindresorhus/transliterate",
        "escape-string-regexp"
      ]
    },
    "@sindresorhus/transliterate@1.6.0": {
      "integrity": "sha512-doH1gimEu3A46VX6aVxpHTeHrytJAG6HgdxntYnCFiIFHEM/ZGpG8KiZGBChchjQmG0XFIBL552kBTjVcMZXwQ==",
      "dependencies": [
        "escape-string-regexp"
      ]
    },
    "escape-string-regexp@5.0.0": {
      "integrity": "sha512-/veY75JbMK4j1yjvuUxuVsiS/hr/4iHs9FTT6cgTexxdE0Ly/glccBAkloH/DofkjRbZU3bnoj38mOmhkZ0lHw=="
    },
    "eventemitter3@5.0.1": {
      "integrity": "sha512-GWkBvjiSZK87ELrYOSESUYeVIc9mvLLf/nXalMOS5dYrgZq9o5OVkbZAVM06CVxYsCwH9BDZFPlQTlPA1j4ahA=="
    },
    "mimic-fn@4.0.0": {
      "integrity": "sha512-vqiC06CuhBTUdZH+RYl8sFrL096vA45Ok5ISO6sE/Mr1jRbGH4Csnhi8f3wKVl7x8mO4Au7Ir9D3Oyv1VYMFJw=="
    },
    "p-memoize@7.1.1": {
      "integrity": "sha512-DZ/bONJILHkQ721hSr/E9wMz5Am/OTJ9P6LhLFo2Tu+jL8044tgc9LwHO8g4PiaYePnlVVRAJcKmgy8J9MVFrA==",
      "dependencies": [
        "mimic-fn",
        "type-fest"
      ]
    },
    "p-queue@8.1.0": {
      "integrity": "sha512-mxLDbbGIBEXTJL0zEx8JIylaj3xQ7Z/7eEVjcF9fJX4DBiH9oqe+oahYnlKKxm0Ci9TlWTyhSHgygxMxjIB2jw==",
      "dependencies": [
        "eventemitter3",
        "p-timeout"
      ]
    },
    "p-timeout@6.1.4": {
      "integrity": "sha512-MyIV3ZA/PmyBN/ud8vV9XzwTrNtR4jFrObymZYnZqMmW0zA8Z17vnT0rBgFE/TlohB+YCHqXMgZzb3Csp49vqg=="
    },
    "prettier@3.4.2": {
      "integrity": "sha512-e9MewbtFo+Fevyuxn/4rrcDAaq0IYxPGLvObpQjiZBMAzB9IGmzlnG9RZy3FFas+eBMu2vA0CszMeduow5dIuQ=="
    },
    "type-fest@3.13.1": {
      "integrity": "sha512-tLq3bSNx+xSpwvAJnzrK0Ep5CLNWjvFTOp71URMaAEWBfRb9nnJiBoUe0tF8bI4ZFO3omgBR6NvnbzVUT3Ly4g=="
    },
    "zod@3.24.1": {
      "integrity": "sha512-muH7gBL9sI1nciMZV67X5fTKKBLtwpZ5VBp1vsOQzj1MhrBZ4wlVCm3gedKZWLp0Oyel8sIGfeiz54Su+OVT+A=="
    }
  },
  "workspace": {
    "dependencies": [
      "jsr:@std/assert@^1.0.11",
      "jsr:@std/encoding@^1.0.6",
      "jsr:@std/path@^1.0.8",
      "jsr:@zip-js/zip-js@^2.7.52",
      "npm:@sindresorhus/slugify@^2.2.1",
      "npm:@types/node-forge@^1.3.11",
      "npm:node-forge@^1.3.1",
      "npm:p-memoize@^7.1.1",
      "npm:p-queue@^8.1.0",
      "npm:prettier@^3.4.2",
      "npm:zod@^3.24.1"
    ]
  }
}
