{
  "version": "4",
  "specifiers": {
    "jsr:@std/assert@^1.0.11": "1.0.11",
    "jsr:@std/internal@^1.0.5": "1.0.5",
    "npm:@sindresorhus/slugify@^2.2.1": "2.2.1",
    "npm:p-memoize@^7.1.1": "7.1.1",
    "npm:p-queue@^8.1.0": "8.1.0",
    "npm:prettier@^3.4.2": "3.4.2",
    "npm:zod@^3.24.1": "3.24.1"
  },
  "jsr": {
    "@std/assert@1.0.11": {
      "integrity": "2461ef3c368fe88bc60e186e7744a93112f16fd110022e113a0849e94d1c83c1",
      "dependencies": [
        "jsr:@std/internal"
      ]
    },
    "@std/internal@1.0.5": {
      "integrity": "54a546004f769c1ac9e025abd15a76b6671ddc9687e2313b67376125650dc7ba"
    }
  },
  "npm": {
    "@sindresorhus/slugify@2.2.1": {
      "integrity": "sha512-MkngSCRZ8JdSOCHRaYd+D01XhvU3Hjy6MGl06zhOk614hp9EOAp5gIkBeQg7wtmxpitU6eAL4kdiRMcJa2dlrw==",
      "dependencies": [
        "@sindresorhus/transliterate",
        "escape-string-regexp"
      ]
    },
    "@sindresorhus/transliterate@1.6.0": {
      "integrity": "sha512-doH1gimEu3A46VX6aVxpHTeHrytJAG6HgdxntYnCFiIFHEM/ZGpG8KiZGBChchjQmG0XFIBL552kBTjVcMZXwQ==",
      "dependencies": [
        "escape-string-regexp"
      ]
    },
    "escape-string-regexp@5.0.0": {
      "integrity": "sha512-/veY75JbMK4j1yjvuUxuVsiS/hr/4iHs9FTT6cgTexxdE0Ly/glccBAkloH/DofkjRbZU3bnoj38mOmhkZ0lHw=="
    },
    "eventemitter3@5.0.1": {
      "integrity": "sha512-GWkBvjiSZK87ELrYOSESUYeVIc9mvLLf/nXalMOS5dYrgZq9o5OVkbZAVM06CVxYsCwH9BDZFPlQTlPA1j4ahA=="
    },
    "mimic-fn@4.0.0": {
      "integrity": "sha512-vqiC06CuhBTUdZH+RYl8sFrL096vA45Ok5ISO6sE/Mr1jRbGH4Csnhi8f3wKVl7x8mO4Au7Ir9D3Oyv1VYMFJw=="
    },
    "p-memoize@7.1.1": {
      "integrity": "sha512-DZ/bONJILHkQ721hSr/E9wMz5Am/OTJ9P6LhLFo2Tu+jL8044tgc9LwHO8g4PiaYePnlVVRAJcKmgy8J9MVFrA==",
      "dependencies": [
        "mimic-fn",
        "type-fest"
      ]
    },
    "p-queue@8.1.0": {
      "integrity": "sha512-mxLDbbGIBEXTJL0zEx8JIylaj3xQ7Z/7eEVjcF9fJX4DBiH9oqe+oahYnlKKxm0Ci9TlWTyhSHgygxMxjIB2jw==",
      "dependencies": [
        "eventemitter3",
        "p-timeout"
      ]
    },
    "p-timeout@6.1.4": {
      "integrity": "sha512-MyIV3ZA/PmyBN/ud8vV9XzwTrNtR4jFrObymZYnZqMmW0zA8Z17vnT0rBgFE/TlohB+YCHqXMgZzb3Csp49vqg=="
    },
    "prettier@3.4.2": {
      "integrity": "sha512-e9MewbtFo+Fevyuxn/4rrcDAaq0IYxPGLvObpQjiZBMAzB9IGmzlnG9RZy3FFas+eBMu2vA0CszMeduow5dIuQ=="
    },
    "type-fest@3.13.1": {
      "integrity": "sha512-tLq3bSNx+xSpwvAJnzrK0Ep5CLNWjvFTOp71URMaAEWBfRb9nnJiBoUe0tF8bI4ZFO3omgBR6NvnbzVUT3Ly4g=="
    },
    "zod@3.24.1": {
      "integrity": "sha512-muH7gBL9sI1nciMZV67X5fTKKBLtwpZ5VBp1vsOQzj1MhrBZ4wlVCm3gedKZWLp0Oyel8sIGfeiz54Su+OVT+A=="
    }
  },
  "remote": {
    "https://developer.apple.com/tutorials/data/documentation/WalletPasses/Pass/Barcode-data.dictionary.json": "aba7298be94548db1fc50696f9938ea2d6efc2fdc45a4928ef5c5962027aa595",
    "https://developer.apple.com/tutorials/data/documentation/WalletPasses/Pass/Barcodes-data.dictionary.json": "e56c45cb95aba35d31826af53df13024be3155d5446792c8c0053b63118de752",
    "https://developer.apple.com/tutorials/data/documentation/WalletPasses/Pass/Beacons-data.dictionary.json": "010cca5a197fae97466c6ff8cd2133c93b1215fa7c9208849bffdb007357940b",
    "https://developer.apple.com/tutorials/data/documentation/WalletPasses/Pass/BoardingPass-data.dictionary.json": "55f542dfb612f33ee168a2088f2542bf78e1ca4cb72a36d8b7b7b7224c98f114",
    "https://developer.apple.com/tutorials/data/documentation/WalletPasses/Pass/Coupon-data.dictionary.json": "ea421559945aef1f796890fec75033af3136e5efc89d4154d57500d8045a934e",
    "https://developer.apple.com/tutorials/data/documentation/WalletPasses/Pass/EventTicket-data.dictionary.json": "835ba0fd6a67fad3711734d549ab57e8226554d6398ea59c9b416050cfe5f702",
    "https://developer.apple.com/tutorials/data/documentation/WalletPasses/Pass/Generic-data.dictionary.json": "f5358eab5d7e4cf400c9b722d928a16b08a24a3c8d6bce9e1f1b21ea019699c5",
    "https://developer.apple.com/tutorials/data/documentation/WalletPasses/Pass/Locations-data.dictionary.json": "cd708ebbf0858ed05f9a38ae2fb44f3ed952870089e680d32c50a954d565dcde",
    "https://developer.apple.com/tutorials/data/documentation/WalletPasses/Pass/NFC-data.dictionary.json": "f964c711a1a1cbd739f9055cd262dc10d3c332a64d1878b2fe38ef917204cffe",
    "https://developer.apple.com/tutorials/data/documentation/WalletPasses/Pass/StoreCard-data.dictionary.json": "0058f6abbeafbe9dee83bb4e716b1b5dbc3be8ac685649bdc1e563ccfcfe2836",
    "https://developer.apple.com/tutorials/data/documentation/WalletPasses/PassFieldContent.json": "0eefa3a07dda195adeb58efa5ae324072093a9346eeab46a8769dcd14178eb00",
    "https://developer.apple.com/tutorials/data/documentation/WalletPasses/PassFields.json": "829b5b357c67d683adb232b5bd32b307e0ed2b62afbe00854d55f6c4d6162dbf",
    "https://developer.apple.com/tutorials/data/documentation/WalletPasses/PassFields/AuxiliaryFields-data.dictionary.json": "61e3a9cb45539138eb1b25ca9092355ea1d68e51af4681ca29d426d86bc132c0",
    "https://developer.apple.com/tutorials/data/documentation/WalletPasses/PassFields/BackFields-data.dictionary.json": "d72fa6e3d4daa8a8f1be6495a61332dcce6e687d97d72ff6e506232134e43b4f",
    "https://developer.apple.com/tutorials/data/documentation/WalletPasses/PassFields/HeaderFields-data.dictionary.json": "9a35c2bba9e795959ccc464c8d6743d68b5f31360e57449d7e7e0fcf36114c94",
    "https://developer.apple.com/tutorials/data/documentation/WalletPasses/PassFields/PrimaryFields-data.dictionary.json": "d58a2c454e9b04d874ad3dbeee6a7b93308a435e71b047909be2dc1e18f5773e",
    "https://developer.apple.com/tutorials/data/documentation/WalletPasses/PassFields/SecondaryFields-data.dictionary.json": "14d6ea0e3851943eab555d2591cf8dee2e3cbc668d34c939b15322e69a1d9319",
    "https://developer.apple.com/tutorials/data/documentation/WalletPasses/SemanticTagType/CurrencyAmount-data.dictionary.json": "b3f560d098a43d5d5bd3f672c781de4a0dfed629ffe2f8ef4f806bdefb7e644d",
    "https://developer.apple.com/tutorials/data/documentation/WalletPasses/SemanticTagType/Location-data.dictionary.json": "3bba1266e436990b4d286feca99e7ebd5668bc754b0b1f8cb76f898d295a8c0e",
    "https://developer.apple.com/tutorials/data/documentation/WalletPasses/SemanticTagType/PersonNameComponents-data.dictionary.json": "6e1e24e6ecaa3fde3ebfc01497c733ab4c907c54eb12d912b0038e8641afa79d",
    "https://developer.apple.com/tutorials/data/documentation/WalletPasses/SemanticTagType/Seat-data.dictionary.json": "7bc41d59d1ddac99d2e1ca6402398553eb956fb0c7580c65cf2cb7715d17b986",
    "https://developer.apple.com/tutorials/data/documentation/WalletPasses/SemanticTagType/WifiNetwork-data.dictionary.json": "5c1117ae9339a45aada3433e213b6ddef42f1238405cc7830844b98733cc9e15",
    "https://developer.apple.com/tutorials/data/documentation/WalletPasses/SemanticTags.json": "a6cd45b470a0f1b081dc5caaa15f589a2a2a60a9e653480e00199d1bfda0ebc7",
    "https://developer.apple.com/tutorials/data/documentation/walletpasses/pass.json": "74dcae6a4ad42b435ad43e908087713706091861c9c28aa5607e06e37370bfa1"
  },
  "workspace": {
    "dependencies": [
      "npm:zod@^3.24.1"
    ],
    "members": {
      "schema": {
        "dependencies": [
          "npm:prettier@^3.4.2"
        ]
      },
      "swiftdoc-to-zod": {
        "dependencies": [
          "jsr:@std/assert@^1.0.11",
          "npm:@sindresorhus/slugify@^2.2.1",
          "npm:p-memoize@^7.1.1",
          "npm:p-queue@^8.1.0"
        ]
      }
    }
  }
}
